
Microsoft Visual Studio Solution File, Format Version 12.00
# Visual Studio Version 16
VisualStudioVersion = 16.0.30907.101
MinimumVisualStudioVersion = 10.0.40219.1
Project("{FAE04EC0-301F-11D3-BF4B-00C04F79EFBC}") = "EPharma.App", "EPharma.App.csproj", "{FDE397CF-C2CA-4F9B-84E6-AF2C79D3877E}"
EndProject
Project("{FAE04EC0-301F-11D3-BF4B-00C04F79EFBC}") = "EPharma.Business", "..\EPharma.Business\EPharma.Business.csproj", "{1A78633E-794C-40C9-B55F-0D94940CFF13}"
EndProject
Project("{FAE04EC0-301F-11D3-BF4B-00C04F79EFBC}") = "EPharma.Data", "..\EPharma.Data\EPharma.Data.csproj", "{2E912804-BE7F-48AB-8F52-1D1343C5D3C4}"
EndProject
Global
	GlobalSection(SolutionConfigurationPlatforms) = preSolution
		Debug|Any CPU = Debug|Any CPU
		Release|Any CPU = Release|Any CPU
	EndGlobalSection
	GlobalSection(ProjectConfigurationPlatforms) = postSolution
		{FDE397CF-C2CA-4F9B-84E6-AF2C79D3877E}.Debug|Any CPU.ActiveCfg = Debug|Any CPU
		{FDE397CF-C2CA-4F9B-84E6-AF2C79D3877E}.Debug|Any CPU.Build.0 = Debug|Any CPU
		{FDE397CF-C2CA-4F9B-84E6-AF2C79D3877E}.Release|Any CPU.ActiveCfg = Release|Any CPU
		{FDE397CF-C2CA-4F9B-84E6-AF2C79D3877E}.Release|Any CPU.Build.0 = Release|Any CPU
		{1A78633E-794C-40C9-B55F-0D94940CFF13}.Debug|Any CPU.ActiveCfg = Debug|Any CPU
		{1A78633E-794C-40C9-B55F-0D94940CFF13}.Debug|Any CPU.Build.0 = Debug|Any CPU
		{1A78633E-794C-40C9-B55F-0D94940CFF13}.Release|Any CPU.ActiveCfg = Release|Any CPU
		{1A78633E-794C-40C9-B55F-0D94940CFF13}.Release|Any CPU.Build.0 = Release|Any CPU
		{2E912804-BE7F-48AB-8F52-1D1343C5D3C4}.Debug|Any CPU.ActiveCfg = Debug|Any CPU
		{2E912804-BE7F-48AB-8F52-1D1343C5D3C4}.Debug|Any CPU.Build.0 = Debug|Any CPU
		{2E912804-BE7F-48AB-8F52-1D1343C5D3C4}.Release|Any CPU.ActiveCfg = Release|Any CPU
		{2E912804-BE7F-48AB-8F52-1D1343C5D3C4}.Release|Any CPU.Build.0 = Release|Any CPU
	EndGlobalSection
	GlobalSection(SolutionProperties) = preSolution
		HideSolutionNode = FALSE
	EndGlobalSection
	GlobalSection(ExtensibilityGlobals) = postSolution
		SolutionGuid = {26BFB6D0-A404-4FA7-949F-51FFFACAC793}
	EndGlobalSection
EndGlobal
